// !$*UTF8*$!
{
	archiveVersion = 1;
	classes = {
	};
	objectVersion = 46;
	objects = {

/* Begin PBXBuildFile section */
		84DB47901B60FBC100F40327 /* main.m in Sources */ = {isa = PBXBuildFile; fileRef = 84DB478F1B60FBC100F40327 /* main.m */; };
		84DB47931B60FBC100F40327 /* AppDelegate.m in Sources */ = {isa = PBXBuildFile; fileRef = 84DB47921B60FBC100F40327 /* AppDelegate.m */; };
		84DB47961B60FBC100F40327 /* ViewController.m in Sources */ = {isa = PBXBuildFile; fileRef = 84DB47951B60FBC100F40327 /* ViewController.m */; };
		84DB47991B60FBC100F40327 /* Main.storyboard in Resources */ = {isa = PBXBuildFile; fileRef = 84DB47971B60FBC100F40327 /* Main.storyboard */; };
		84DB479B1B60FBC200F40327 /* Images.xcassets in Resources */ = {isa = PBXBuildFile; fileRef = 84DB479A1B60FBC200F40327 /* Images.xcassets */; };
		84DB479E1B60FBC200F40327 /* LaunchScreen.xib in Resources */ = {isa = PBXBuildFile; fileRef = 84DB479C1B60FBC200F40327 /* LaunchScreen.xib */; };
		84DB47AA1B60FBC200F40327 /* IamRichTests.m in Sources */ = {isa = PBXBuildFile; fileRef = 84DB47A91B60FBC200F40327 /* IamRichTests.m */; };
/* End PBXBuildFile section */

/* Begin PBXContainerItemProxy section */
		84DB47A41B60FBC200F40327 /* PBXContainerItemProxy */ = {
			isa = PBXContainerItemProxy;
			containerPortal = 84DB47821B60FBC100F40327 /* Project object */;
			proxyType = 1;
			remoteGlobalIDString = 84DB47891B60FBC100F40327;
			remoteInfo = IamRich;
		};
/* End PBXContainerItemProxy section */

/* Begin PBXFileReference section */
		84DB478A1B60FBC100F40327 /* IamRich.app */ = {isa = PBXFileReference; explicitFileType = wrapper.application; includeInIndex = 0; path = IamRich.app; sourceTree = BUILT_PRODUCTS_DIR; };
		84DB478E1B60FBC100F40327 /* Info.plist */ = {isa = PBXFileReference; lastKnownFileType = text.plist.xml; path = Info.plist; sourceTree = "<group>"; };
		84DB478F1B60FBC100F40327 /* main.m */ = {isa = PBXFileReference; lastKnownFileType = sourcecode.c.objc; path = main.m; sourceTree = "<group>"; };
		84DB47911B60FBC100F40327 /* AppDelegate.h */ = {isa = PBXFileReference; lastKnownFileType = sourcecode.c.h; path = AppDelegate.h; sourceTree = "<group>"; };
		84DB47921B60FBC100F40327 /* AppDelegate.m */ = {isa = PBXFileReference; lastKnownFileType = sourcecode.c.objc; path = AppDelegate.m; sourceTree = "<group>"; };
		84DB47941B60FBC100F40327 /* ViewController.h */ = {isa = PBXFileReference; lastKnownFileType = sourcecode.c.h; path = ViewController.h; sourceTree = "<group>"; };
		84DB47951B60FBC100F40327 /* ViewController.m */ = {isa = PBXFileReference; lastKnownFileType = sourcecode.c.objc; path = ViewController.m; sourceTree = "<group>"; };
		84DB47981B60FBC100F40327 /* Base */ = {isa = PBXFileReference; lastKnownFileType = file.storyboard; name = Base; path = Base.lproj/Main.storyboard; sourceTree = "<group>"; };
		84DB479A1B60FBC200F40327 /* Images.xcassets */ = {isa = PBXFileReference; lastKnownFileType = folder.assetcatalog; path = Images.xcassets; sourceTree = "<group>"; };
		84DB479D1B60FBC200F40327 /* Base */ = {isa = PBXFileReference; lastKnownFileType = file.xib; name = Base; path = Base.lproj/LaunchScreen.xib; sourceTree = "<group>"; };
		84DB47A31B60FBC200F40327 /* IamRichTests.xctest */ = {isa = PBXFileReference; explicitFileType = wrapper.cfbundle; includeInIndex = 0; path = IamRichTests.xctest; sourceTree = BUILT_PRODUCTS_DIR; };
		84DB47A81B60FBC200F40327 /* Info.plist */ = {isa = PBXFileReference; lastKnownFileType = text.plist.xml; path = Info.plist; sourceTree = "<group>"; };
		84DB47A91B60FBC200F40327 /* IamRichTests.m */ = {isa = PBXFileReference; lastKnownFileType = sourcecode.c.objc; path = IamRichTests.m; sourceTree = "<group>"; };
/* End PBXFileReference section */

/* Begin PBXFrameworksBuildPhase section */
		84DB47871B60FBC100F40327 /* Frameworks */ = {
			isa = PBXFrameworksBuildPhase;
			buildActionMask = 2147483647;
			files = (
			);
			runOnlyForDeploymentPostprocessing = 0;
		};
		84DB47A01B60FBC200F40327 /* Frameworks */ = {
			isa = PBXFrameworksBuildPhase;
			buildActionMask = 2147483647;
			files = (
			);
			runOnlyForDeploymentPostprocessing = 0;
		};
/* End PBXFrameworksBuildPhase section */

/* Begin PBXGroup section */
		84DB47811B60FBC100F40327 = {
			isa = PBXGroup;
			children = (
				84DB478C1B60FBC100F40327 /* IamRich */,
				84DB47A61B60FBC200F40327 /* IamRichTests */,
				84DB478B1B60FBC100F40327 /* Products */,
			);
			sourceTree = "<group>";
		};
		84DB478B1B60FBC100F40327 /* Products */ = {
			isa = PBXGroup;
			children = (
				84DB478A1B60FBC100F40327 /* IamRich.app */,
				84DB47A31B60FBC200F40327 /* IamRichTests.xctest */,
			);
			name = Products;
			sourceTree = "<group>";
		};
		84DB478C1B60FBC100F40327 /* IamRich */ = {
			isa = PBXGroup;
			children = (
				84DB47911B60FBC100F40327 /* AppDelegate.h */,
				84DB47921B60FBC100F40327 /* AppDelegate.m */,
				84DB47941B60FBC100F40327 /* ViewController.h */,
				84DB47951B60FBC100F40327 /* ViewController.m */,
				84DB47971B60FBC100F40327 /* Main.storyboard */,
				84DB479A1B60FBC200F40327 /* Images.xcassets */,
				84DB479C1B60FBC200F40327 /* LaunchScreen.xib */,
				84DB478D1B60FBC100F40327 /* Supporting Files */,
			);
			path = IamRich;
			sourceTree = "<group>";
		};
		84DB478D1B60FBC100F40327 /* Supporting Files */ = {
			isa = PBXGroup;
			children = (
				84DB478E1B60FBC100F40327 /* Info.plist */,
				84DB478F1B60FBC100F40327 /* main.m */,
			);
			name = "Supporting Files";
			sourceTree = "<group>";
		};
		84DB47A61B60FBC200F40327 /* IamRichTests */ = {
			isa = PBXGroup;
			children = (
				84DB47A91B60FBC200F40327 /* IamRichTests.m */,
				84DB47A71B60FBC200F40327 /* Supporting Files */,
			);
			path = IamRichTests;
			sourceTree = "<group>";
		};
		84DB47A71B60FBC200F40327 /* Supporting Files */ = {
			isa = PBXGroup;
			children = (
				84DB47A81B60FBC200F40327 /* Info.plist */,
			);
			name = "Supporting Files";
			sourceTree = "<group>";
		};
/* End PBXGroup section */

/* Begin PBXNativeTarget section */
		84DB47891B60FBC100F40327 /* IamRich */ = {
			isa = PBXNativeTarget;
			buildConfigurationList = 84DB47AD1B60FBC200F40327 /* Build configuration list for PBXNativeTarget "IamRich" */;
			buildPhases = (
				84DB47861B60FBC100F40327 /* Sources */,
				84DB47871B60FBC100F40327 /* Frameworks */,
				84DB47881B60FBC100F40327 /* Resources */,
			);
			buildRules = (
			);
			dependencies = (
			);
			name = IamRich;
			productName = IamRich;
			productReference = 84DB478A1B60FBC100F40327 /* IamRich.app */;
			productType = "com.apple.product-type.application";
		};
		84DB47A21B60FBC200F40327 /* IamRichTests */ = {
			isa = PBXNativeTarget;
			buildConfigurationList = 84DB47B01B60FBC200F40327 /* Build configuration list for PBXNativeTarget "IamRichTests" */;
			buildPhases = (
				84DB479F1B60FBC200F40327 /* Sources */,
				84DB47A01B60FBC200F40327 /* Frameworks */,
				84DB47A11B60FBC200F40327 /* Resources */,
			);
			buildRules = (
			);
			dependencies = (
				84DB47A51B60FBC200F40327 /* PBXTargetDependency */,
			);
			name = IamRichTests;
			productName = IamRichTests;
			productReference = 84DB47A31B60FBC200F40327 /* IamRichTests.xctest */;
			productType = "com.apple.product-type.bundle.unit-test";
		};
/* End PBXNativeTarget section */

/* Begin PBXProject section */
		84DB47821B60FBC100F40327 /* Project object */ = {
			isa = PBXProject;
			attributes = {
				LastUpgradeCheck = 0640;
				ORGANIZATIONNAME = triocviet;
				TargetAttributes = {
					84DB47891B60FBC100F40327 = {
						CreatedOnToolsVersion = 6.4;
					};
					84DB47A21B60FBC200F40327 = {
						CreatedOnToolsVersion = 6.4;
						TestTargetID = 84DB47891B60FBC100F40327;
					};
				};
			};
			buildConfigurationList = 84DB47851B60FBC100F40327 /* Build configuration list for PBXProject "IamRich" */;
			compatibilityVersion = "Xcode 3.2";
			developmentRegion = English;
			hasScannedForEncodings = 0;
			knownRegions = (
				en,
				Base,
			);
			mainGroup = 84DB47811B60FBC100F40327;
			productRefGroup = 84DB478B1B60FBC100F40327 /* Products */;
			projectDirPath = "";
			projectRoot = "";
			targets = (
				84DB47891B60FBC100F40327 /* IamRich */,
				84DB47A21B60FBC200F40327 /* IamRichTests */,
			);
		};
/* End PBXProject section */

/* Begin PBXResourcesBuildPhase section */
		84DB47881B60FBC100F40327 /* Resources */ = {
			isa = PBXResourcesBuildPhase;
			buildActionMask = 2147483647;
			files = (
				84DB47991B60FBC100F40327 /* Main.storyboard in Resources */,
				84DB479E1B60FBC200F40327 /* LaunchScreen.xib in Resources */,
				84DB479B1B60FBC200F40327 /* Images.xcassets in Resources */,
			);
			runOnlyForDeploymentPostprocessing = 0;
		};
		84DB47A11B60FBC200F40327 /* Resources */ = {
			isa = PBXResourcesBuildPhase;
			buildActionMask = 2147483647;
			files = (
			);
			runOnlyForDeploymentPostprocessing = 0;
		};
/* End PBXResourcesBuildPhase section */

/* Begin PBXSourcesBuildPhase section */
		84DB47861B60FBC100F40327 /* Sources */ = {
			isa = PBXSourcesBuildPhase;
			buildActionMask = 2147483647;
			files = (
				84DB47961B60FBC100F40327 /* ViewController.m in Sources */,
				84DB47931B60FBC100F40327 /* AppDelegate.m in Sources */,
				84DB47901B60FBC100F40327 /* main.m in Sources */,
			);
			runOnlyForDeploymentPostprocessing = 0;
		};
		84DB479F1B60FBC200F40327 /* Sources */ = {
			isa = PBXSourcesBuildPhase;
			buildActionMask = 2147483647;
			files = (
				84DB47AA1B60FBC200F40327 /* IamRichTests.m in Sources */,
			);
			runOnlyForDeploymentPostprocessing = 0;
		};
/* End PBXSourcesBuildPhase section */

/* Begin PBXTargetDependency section */
		84DB47A51B60FBC200F40327 /* PBXTargetDependency */ = {
			isa = PBXTargetDependency;
			target = 84DB47891B60FBC100F40327 /* IamRich */;
			targetProxy = 84DB47A41B60FBC200F40327 /* PBXContainerItemProxy */;
		};
/* End PBXTargetDependency section */

/* Begin PBXVariantGroup section */
		84DB47971B60FBC100F40327 /* Main.storyboard */ = {
			isa = PBXVariantGroup;
			children = (
				84DB47981B60FBC100F40327 /* Base */,
			);
			name = Main.storyboard;
			sourceTree = "<group>";
		};
		84DB479C1B60FBC200F40327 /* LaunchScreen.xib */ = {
			isa = PBXVariantGroup;
			children = (
				84DB479D1B60FBC200F40327 /* Base */,
			);
			name = LaunchScreen.xib;
			sourceTree = "<group>";
		};
/* End PBXVariantGroup section */

/* Begin XCBuildConfiguration section */
		84DB47AB1B60FBC200F40327 /* Debug */ = {
			isa = XCBuildConfiguration;
			buildSettings = {
				ALWAYS_SEARCH_USER_PATHS = NO;
				CLANG_CXX_LANGUAGE_STANDARD = "gnu++0x";
				CLANG_CXX_LIBRARY = "libc++";
				CLANG_ENABLE_MODULES = YES;
				CLANG_ENABLE_OBJC_ARC = YES;
				CLANG_WARN_BOOL_CONVERSION = YES;
				CLANG_WARN_CONSTANT_CONVERSION = YES;
				CLANG_WARN_DIRECT_OBJC_ISA_USAGE = YES_ERROR;
				CLANG_WARN_EMPTY_BODY = YES;
				CLANG_WARN_ENUM_CONVERSION = YES;
				CLANG_WARN_INT_CONVERSION = YES;
				CLANG_WARN_OBJC_ROOT_CLASS = YES_ERROR;
				CLANG_WARN_UNREACHABLE_CODE = YES;
				CLANG_WARN__DUPLICATE_METHOD_MATCH = YES;
				"CODE_SIGN_IDENTITY[sdk=iphoneos*]" = "iPhone Developer";
				COPY_PHASE_STRIP = NO;
				DEBUG_INFORMATION_FORMAT = "dwarf-with-dsym";
				ENABLE_STRICT_OBJC_MSGSEND = YES;
				GCC_C_LANGUAGE_STANDARD = gnu99;
				GCC_DYNAMIC_NO_PIC = NO;
				GCC_NO_COMMON_BLOCKS = YES;
				GCC_OPTIMIZATION_LEVEL = 0;
				GCC_PREPROCESSOR_DEFINITIONS = (
					"DEBUG=1",
					"$(inherited)",
				);
				GCC_SYMBOLS_PRIVATE_EXTERN = NO;
				GCC_WARN_64_TO_32_BIT_CONVERSION = YES;
				GCC_WARN_ABOUT_RETURN_TYPE = YES_ERROR;
				GCC_WARN_UNDECLARED_SELECTOR = YES;
				GCC_WARN_UNINITIALIZED_AUTOS = YES_AGGRESSIVE;
				GCC_WARN_UNUSED_FUNCTION = YES;
				GCC_WARN_UNUSED_VARIABLE = YES;
				IPHONEOS_DEPLOYMENT_TARGET = 8.4;
				MTL_ENABLE_DEBUG_INFO = YES;
				ONLY_ACTIVE_ARCH = YES;
				SDKROOT = iphoneos;
			};
			name = Debug;
		};
		84DB47AC1B60FBC200F40327 /* Release */ = {
			isa = XCBuildConfiguration;
			buildSettings = {
				ALWAYS_SEARCH_USER_PATHS = NO;
				CLANG_CXX_LANGUAGE_STANDARD = "gnu++0x";
				CLANG_CXX_LIBRARY = "libc++";
				CLANG_ENABLE_MODULES = YES;
				CLANG_ENABLE_OBJC_ARC = YES;
				CLANG_WARN_BOOL_CONVERSION = YES;
				CLANG_WARN_CONSTANT_CONVERSION = YES;
				CLANG_WARN_DIRECT_OBJC_ISA_USAGE = YES_ERROR;
				CLANG_WARN_EMPTY_BODY = YES;
				CLANG_WARN_ENUM_CONVERSION = YES;
				CLANG_WARN_INT_CONVERSION = YES;
				CLANG_WARN_OBJC_ROOT_CLASS = YES_ERROR;
				CLANG_WARN_UNREACHABLE_CODE = YES;
				CLANG_WARN__DUPLICATE_METHOD_MATCH = YES;
				"CODE_SIGN_IDENTITY[sdk=iphoneos*]" = "iPhone Developer";
				COPY_PHASE_STRIP = NO;
				DEBUG_INFORMATION_FORMAT = "dwarf-with-dsym";
				ENABLE_NS_ASSERTIONS = NO;
				ENABLE_STRICT_OBJC_MSGSEND = YES;
				GCC_C_LANGUAGE_STANDARD = gnu99;
				GCC_NO_COMMON_BLOCKS = YES;
				GCC_WARN_64_TO_32_BIT_CONVERSION = YES;
				GCC_WARN_ABOUT_RETURN_TYPE = YES_ERROR;
				GCC_WARN_UNDECLARED_SELECTOR = YES;
				GCC_WARN_UNINITIALIZED_AUTOS = YES_AGGRESSIVE;
				GCC_WARN_UNUSED_FUNCTION = YES;
				GCC_WARN_UNUSED_VARIABLE = YES;
				IPHONEOS_DEPLOYMENT_TARGET = 8.4;
				MTL_ENABLE_DEBUG_INFO = NO;
				SDKROOT = iphoneos;
				VALIDATE_PRODUCT = YES;
			};
			name = Release;
		};
		84DB47AE1B60FBC200F40327 /* Debug */ = {
			isa = XCBuildConfiguration;
			buildSettings = {
				ASSETCATALOG_COMPILER_APPICON_NAME = AppIcon;
				INFOPLIST_FILE = IamRich/Info.plist;
				LD_RUNPATH_SEARCH_PATHS = "$(inherited) @executable_path/Frameworks";
				PRODUCT_NAME = "$(TARGET_NAME)";
			};
			name = Debug;
		};
		84DB47AF1B60FBC200F40327 /* Release */ = {
			isa = XCBuildConfiguration;
			buildSettings = {
				ASSETCATALOG_COMPILER_APPICON_NAME = AppIcon;
				INFOPLIST_FILE = IamRich/Info.plist;
				LD_RUNPATH_SEARCH_PATHS = "$(inherited) @executable_path/Frameworks";
				PRODUCT_NAME = "$(TARGET_NAME)";
			};
			name = Release;
		};
		84DB47B11B60FBC200F40327 /* Debug */ = {
			isa = XCBuildConfiguration;
			buildSettings = {
				BUNDLE_LOADER = "$(TEST_HOST)";
				FRAMEWORK_SEARCH_PATHS = (
					"$(SDKROOT)/Developer/Library/Frameworks",
					"$(inherited)",
				);
				GCC_PREPROCESSOR_DEFINITIONS = (
					"DEBUG=1",
					"$(inherited)",
				);
				INFOPLIST_FILE = IamRichTests/Info.plist;
				LD_RUNPATH_SEARCH_PATHS = "$(inherited) @executable_path/Frameworks @loader_path/Frameworks";
				PRODUCT_NAME = "$(TARGET_NAME)";
				TEST_HOST = "$(BUILT_PRODUCTS_DIR)/IamRich.app/IamRich";
			};
			name = Debug;
		};
		84DB47B21B60FBC200F40327 /* Release */ = {
			isa = XCBuildConfiguration;
			buildSettings = {
				BUNDLE_LOADER = "$(TEST_HOST)";
				FRAMEWORK_SEARCH_PATHS = (
					"$(SDKROOT)/Developer/Library/Frameworks",
					"$(inherited)",
				);
				INFOPLIST_FILE = IamRichTests/Info.plist;
				LD_RUNPATH_SEARCH_PATHS = "$(inherited) @executable_path/Frameworks @loader_path/Frameworks";
				PRODUCT_NAME = "$(TARGET_NAME)";
				TEST_HOST = "$(BUILT_PRODUCTS_DIR)/IamRich.app/IamRich";
			};
			name = Release;
		};
/* End XCBuildConfiguration section */

/* Begin XCConfigurationList section */
		84DB47851B60FBC100F40327 /* Build configuration list for PBXProject "IamRich" */ = {
			isa = XCConfigurationList;
			buildConfigurations = (
				84DB47AB1B60FBC200F40327 /* Debug */,
				84DB47AC1B60FBC200F40327 /* Release */,
			);
			defaultConfigurationIsVisible = 0;
			defaultConfigurationName = Release;
		};
		84DB47AD1B60FBC200F40327 /* Build configuration list for PBXNativeTarget "IamRich" */ = {
			isa = XCConfigurationList;
			buildConfigurations = (
				84DB47AE1B60FBC200F40327 /* Debug */,
				84DB47AF1B60FBC200F40327 /* Release */,
			);
			defaultConfigurationIsVisible = 0;
		};
		84DB47B01B60FBC200F40327 /* Build configuration list for PBXNativeTarget "IamRichTests" */ = {
			isa = XCConfigurationList;
			buildConfigurations = (
				84DB47B11B60FBC200F40327 /* Debug */,
				84DB47B21B60FBC200F40327 /* Release */,
			);
			defaultConfigurationIsVisible = 0;
		};
/* End XCConfigurationList section */
	};
	rootObject = 84DB47821B60FBC100F40327 /* Project object */;
}
